// !$*UTF8*$!
{
	archiveVersion = 1;
	classes = {
	};
	objectVersion = 48;
	objects = {

/* Begin PBXBuildFile section */
		CD79DC21205757AB00306288 /* AppDelegate.m in Sources */ = {isa = PBXBuildFile; fileRef = CD79DC20205757AB00306288 /* AppDelegate.m */; };
		CD79DC24205757AB00306288 /* ViewController.m in Sources */ = {isa = PBXBuildFile; fileRef = CD79DC23205757AB00306288 /* ViewController.m */; };
		CD79DC27205757AB00306288 /* Main.storyboard in Resources */ = {isa = PBXBuildFile; fileRef = CD79DC25205757AB00306288 /* Main.storyboard */; };
		CD79DC29205757AB00306288 /* Assets.xcassets in Resources */ = {isa = PBXBuildFile; fileRef = CD79DC28205757AB00306288 /* Assets.xcassets */; };
		CD79DC2C205757AB00306288 /* LaunchScreen.storyboard in Resources */ = {isa = PBXBuildFile; fileRef = CD79DC2A205757AB00306288 /* LaunchScreen.storyboard */; };
		CD79DC2F205757AB00306288 /* main.m in Sources */ = {isa = PBXBuildFile; fileRef = CD79DC2E205757AB00306288 /* main.m */; };
/* End PBXBuildFile section */

/* Begin PBXFileReference section */
		CD79DC1C205757AB00306288 /* layerDemo6.app */ = {isa = PBXFileReference; explicitFileType = wrapper.application; includeInIndex = 0; path = layerDemo6.app; sourceTree = BUILT_PRODUCTS_DIR; };
		CD79DC1F205757AB00306288 /* AppDelegate.h */ = {isa = PBXFileReference; lastKnownFileType = sourcecode.c.h; path = AppDelegate.h; sourceTree = "<group>"; };
		CD79DC20205757AB00306288 /* AppDelegate.m */ = {isa = PBXFileReference; lastKnownFileType = sourcecode.c.objc; path = AppDelegate.m; sourceTree = "<group>"; };
		CD79DC22205757AB00306288 /* ViewController.h */ = {isa = PBXFileReference; lastKnownFileType = sourcecode.c.h; path = ViewController.h; sourceTree = "<group>"; };
		CD79DC23205757AB00306288 /* ViewController.m */ = {isa = PBXFileReference; lastKnownFileType = sourcecode.c.objc; path = ViewController.m; sourceTree = "<group>"; };
		CD79DC26205757AB00306288 /* Base */ = {isa = PBXFileReference; lastKnownFileType = file.storyboard; name = Base; path = Base.lproj/Main.storyboard; sourceTree = "<group>"; };
		CD79DC28205757AB00306288 /* Assets.xcassets */ = {isa = PBXFileReference; lastKnownFileType = folder.assetcatalog; path = Assets.xcassets; sourceTree = "<group>"; };
		CD79DC2B205757AB00306288 /* Base */ = {isa = PBXFileReference; lastKnownFileType = file.storyboard; name = Base; path = Base.lproj/LaunchScreen.storyboard; sourceTree = "<group>"; };
		CD79DC2D205757AB00306288 /* Info.plist */ = {isa = PBXFileReference; lastKnownFileType = text.plist.xml; path = Info.plist; sourceTree = "<group>"; };
		CD79DC2E205757AB00306288 /* main.m */ = {isa = PBXFileReference; lastKnownFileType = sourcecode.c.objc; path = main.m; sourceTree = "<group>"; };
/* End PBXFileReference section */

/* Begin PBXFrameworksBuildPhase section */
		CD79DC19205757AB00306288 /* Frameworks */ = {
			isa = PBXFrameworksBuildPhase;
			buildActionMask = 2147483647;
			files = (
			);
			runOnlyForDeploymentPostprocessing = 0;
		};
/* End PBXFrameworksBuildPhase section */

/* Begin PBXGroup section */
		CD79DC13205757AB00306288 = {
			isa = PBXGroup;
			children = (
				CD79DC1E205757AB00306288 /* layerDemo6 */,
				CD79DC1D205757AB00306288 /* Products */,
			);
			sourceTree = "<group>";
		};
		CD79DC1D205757AB00306288 /* Products */ = {
			isa = PBXGroup;
			children = (
				CD79DC1C205757AB00306288 /* layerDemo6.app */,
			);
			name = Products;
			sourceTree = "<group>";
		};
		CD79DC1E205757AB00306288 /* layerDemo6 */ = {
			isa = PBXGroup;
			children = (
				CD79DC1F205757AB00306288 /* AppDelegate.h */,
				CD79DC20205757AB00306288 /* AppDelegate.m */,
				CD79DC22205757AB00306288 /* ViewController.h */,
				CD79DC23205757AB00306288 /* ViewController.m */,
				CD79DC25205757AB00306288 /* Main.storyboard */,
				CD79DC28205757AB00306288 /* Assets.xcassets */,
				CD79DC2A205757AB00306288 /* LaunchScreen.storyboard */,
				CD79DC2D205757AB00306288 /* Info.plist */,
				CD79DC2E205757AB00306288 /* main.m */,
			);
			path = layerDemo6;
			sourceTree = "<group>";
		};
/* End PBXGroup section */

/* Begin PBXNativeTarget section */
		CD79DC1B205757AB00306288 /* layerDemo6 */ = {
			isa = PBXNativeTarget;
			buildConfigurationList = CD79DC32205757AB00306288 /* Build configuration list for PBXNativeTarget "layerDemo6" */;
			buildPhases = (
				CD79DC18205757AB00306288 /* Sources */,
				CD79DC19205757AB00306288 /* Frameworks */,
				CD79DC1A205757AB00306288 /* Resources */,
			);
			buildRules = (
			);
			dependencies = (
			);
			name = layerDemo6;
			productName = layerDemo6;
			productReference = CD79DC1C205757AB00306288 /* layerDemo6.app */;
			productType = "com.apple.product-type.application";
		};
/* End PBXNativeTarget section */

/* Begin PBXProject section */
		CD79DC14205757AB00306288 /* Project object */ = {
			isa = PBXProject;
			attributes = {
				LastUpgradeCheck = 0910;
				ORGANIZATIONNAME = PatrickY;
				TargetAttributes = {
					CD79DC1B205757AB00306288 = {
						CreatedOnToolsVersion = 9.1;
						ProvisioningStyle = Automatic;
					};
				};
			};
			buildConfigurationList = CD79DC17205757AB00306288 /* Build configuration list for PBXProject "layerDemo6" */;
			compatibilityVersion = "Xcode 8.0";
			developmentRegion = en;
			hasScannedForEncodings = 0;
			knownRegions = (
				en,
				Base,
			);
			mainGroup = CD79DC13205757AB00306288;
			productRefGroup = CD79DC1D205757AB00306288 /* Products */;
			projectDirPath = "";
			projectRoot = "";
			targets = (
				CD79DC1B205757AB00306288 /* layerDemo6 */,
			);
		};
/* End PBXProject section */

/* Begin PBXResourcesBuildPhase section */
		CD79DC1A205757AB00306288 /* Resources */ = {
			isa = PBXResourcesBuildPhase;
			buildActionMask = 2147483647;
			files = (
				CD79DC2C205757AB00306288 /* LaunchScreen.storyboard in Resources */,
				CD79DC29205757AB00306288 /* Assets.xcassets in Resources */,
				CD79DC27205757AB00306288 /* Main.storyboard in Resources */,
			);
			runOnlyForDeploymentPostprocessing = 0;
		};
/* End PBXResourcesBuildPhase section */

/* Begin PBXSourcesBuildPhase section */
		CD79DC18205757AB00306288 /* Sources */ = {
			isa = PBXSourcesBuildPhase;
			buildActionMask = 2147483647;
			files = (
				CD79DC24205757AB00306288 /* ViewController.m in Sources */,
				CD79DC2F205757AB00306288 /* main.m in Sources */,
				CD79DC21205757AB00306288 /* AppDelegate.m in Sources */,
			);
			runOnlyForDeploymentPostprocessing = 0;
		};
/* End PBXSourcesBuildPhase section */

/* Begin PBXVariantGroup section */
		CD79DC25205757AB00306288 /* Main.storyboard */ = {
			isa = PBXVariantGroup;
			children = (
				CD79DC26205757AB00306288 /* Base */,
			);
			name = Main.storyboard;
			sourceTree = "<group>";
		};
		CD79DC2A205757AB00306288 /* LaunchScreen.storyboard */ = {
			isa = PBXVariantGroup;
			children = (
				CD79DC2B205757AB00306288 /* Base */,
			);
			name = LaunchScreen.storyboard;
			sourceTree = "<group>";
		};
/* End PBXVariantGroup section */

/* Begin XCBuildConfiguration section */
		CD79DC30205757AB00306288 /* Debug */ = {
			isa = XCBuildConfiguration;
			buildSettings = {
				ALWAYS_SEARCH_USER_PATHS = NO;
				CLANG_ANALYZER_NONNULL = YES;
				CLANG_ANALYZER_NUMBER_OBJECT_CONVERSION = YES_AGGRESSIVE;
				CLANG_CXX_LANGUAGE_STANDARD = "gnu++14";
				CLANG_CXX_LIBRARY = "libc++";
				CLANG_ENABLE_MODULES = YES;
				CLANG_ENABLE_OBJC_ARC = YES;
				CLANG_WARN_BLOCK_CAPTURE_AUTORELEASING = YES;
				CLANG_WARN_BOOL_CONVERSION = YES;
				CLANG_WARN_COMMA = YES;
				CLANG_WARN_CONSTANT_CONVERSION = YES;
				CLANG_WARN_DIRECT_OBJC_ISA_USAGE = YES_ERROR;
				CLANG_WARN_DOCUMENTATION_COMMENTS = YES;
				CLANG_WARN_EMPTY_BODY = YES;
				CLANG_WARN_ENUM_CONVERSION = YES;
				CLANG_WARN_INFINITE_RECURSION = YES;
				CLANG_WARN_INT_CONVERSION = YES;
				CLANG_WARN_NON_LITERAL_NULL_CONVERSION = YES;
				CLANG_WARN_OBJC_LITERAL_CONVERSION = YES;
				CLANG_WARN_OBJC_ROOT_CLASS = YES_ERROR;
				CLANG_WARN_RANGE_LOOP_ANALYSIS = YES;
				CLANG_WARN_STRICT_PROTOTYPES = YES;
				CLANG_WARN_SUSPICIOUS_MOVE = YES;
				CLANG_WARN_UNGUARDED_AVAILABILITY = YES_AGGRESSIVE;
				CLANG_WARN_UNREACHABLE_CODE = YES;
				CLANG_WARN__DUPLICATE_METHOD_MATCH = YES;
				CODE_SIGN_IDENTITY = "iPhone Developer";
				COPY_PHASE_STRIP = NO;
				DEBUG_INFORMATION_FORMAT = dwarf;
				ENABLE_STRICT_OBJC_MSGSEND = YES;
				ENABLE_TESTABILITY = YES;
				GCC_C_LANGUAGE_STANDARD = gnu11;
				GCC_DYNAMIC_NO_PIC = NO;
				GCC_NO_COMMON_BLOCKS = YES;
				GCC_OPTIMIZATION_LEVEL = 0;
				GCC_PREPROCESSOR_DEFINITIONS = (
					"DEBUG=1",
					"$(inherited)",
				);
				GCC_WARN_64_TO_32_BIT_CONVERSION = YES;
				GCC_WARN_ABOUT_RETURN_TYPE = YES_ERROR;
				GCC_WARN_UNDECLARED_SELECTOR = YES;
				GCC_WARN_UNINITIALIZED_AUTOS = YES_AGGRESSIVE;
				GCC_WARN_UNUSED_FUNCTION = YES;
				GCC_WARN_UNUSED_VARIABLE = YES;
				IPHONEOS_DEPLOYMENT_TARGET = 11.1;
				MTL_ENABLE_DEBUG_INFO = YES;
				ONLY_ACTIVE_ARCH = YES;
				SDKROOT = iphoneos;
			};
			name = Debug;
		};
		CD79DC31205757AB00306288 /* Release */ = {
			isa = XCBuildConfiguration;
			buildSettings = {
				ALWAYS_SEARCH_USER_PATHS = NO;
				CLANG_ANALYZER_NONNULL = YES;
				CLANG_ANALYZER_NUMBER_OBJECT_CONVERSION = YES_AGGRESSIVE;
				CLANG_CXX_LANGUAGE_STANDARD = "gnu++14";
				CLANG_CXX_LIBRARY = "libc++";
				CLANG_ENABLE_MODULES = YES;
				CLANG_ENABLE_OBJC_ARC = YES;
				CLANG_WARN_BLOCK_CAPTURE_AUTORELEASING = YES;
				CLANG_WARN_BOOL_CONVERSION = YES;
				CLANG_WARN_COMMA = YES;
				CLANG_WARN_CONSTANT_CONVERSION = YES;
				CLANG_WARN_DIRECT_OBJC_ISA_USAGE = YES_ERROR;
				CLANG_WARN_DOCUMENTATION_COMMENTS = YES;
				CLANG_WARN_EMPTY_BODY = YES;
				CLANG_WARN_ENUM_CONVERSION = YES;
				CLANG_WARN_INFINITE_RECURSION = YES;
				CLANG_WARN_INT_CONVERSION = YES;
				CLANG_WARN_NON_LITERAL_NULL_CONVERSION = YES;
				CLANG_WARN_OBJC_LITERAL_CONVERSION = YES;
				CLANG_WARN_OBJC_ROOT_CLASS = YES_ERROR;
				CLANG_WARN_RANGE_LOOP_ANALYSIS = YES;
				CLANG_WARN_STRICT_PROTOTYPES = YES;
				CLANG_WARN_SUSPICIOUS_MOVE = YES;
				CLANG_WARN_UNGUARDED_AVAILABILITY = YES_AGGRESSIVE;
				CLANG_WARN_UNREACHABLE_CODE = YES;
				CLANG_WARN__DUPLICATE_METHOD_MATCH = YES;
				CODE_SIGN_IDENTITY = "iPhone Developer";
				COPY_PHASE_STRIP = NO;
				DEBUG_INFORMATION_FORMAT = "dwarf-with-dsym";
				ENABLE_NS_ASSERTIONS = NO;
				ENABLE_STRICT_OBJC_MSGSEND = YES;
				GCC_C_LANGUAGE_STANDARD = gnu11;
				GCC_NO_COMMON_BLOCKS = YES;
				GCC_WARN_64_TO_32_BIT_CONVERSION = YES;
				GCC_WARN_ABOUT_RETURN_TYPE = YES_ERROR;
				GCC_WARN_UNDECLARED_SELECTOR = YES;
				GCC_WARN_UNINITIALIZED_AUTOS = YES_AGGRESSIVE;
				GCC_WARN_UNUSED_FUNCTION = YES;
				GCC_WARN_UNUSED_VARIABLE = YES;
				IPHONEOS_DEPLOYMENT_TARGET = 11.1;
				MTL_ENABLE_DEBUG_INFO = NO;
				SDKROOT = iphoneos;
				VALIDATE_PRODUCT = YES;
			};
			name = Release;
		};
		CD79DC33205757AB00306288 /* Debug */ = {
			isa = XCBuildConfiguration;
			buildSettings = {
				ASSETCATALOG_COMPILER_APPICON_NAME = AppIcon;
				CODE_SIGN_STYLE = Automatic;
				DEVELOPMENT_TEAM = 5C23J56UD3;
				INFOPLIST_FILE = layerDemo6/Info.plist;
				LD_RUNPATH_SEARCH_PATHS = "$(inherited) @executable_path/Frameworks";
				PRODUCT_BUNDLE_IDENTIFIER = com.py.layerDemo6;
				PRODUCT_NAME = "$(TARGET_NAME)";
				TARGETED_DEVICE_FAMILY = "1,2";
			};
			name = Debug;
		};
		CD79DC34205757AB00306288 /* Release */ = {
			isa = XCBuildConfiguration;
			buildSettings = {
				ASSETCATALOG_COMPILER_APPICON_NAME = AppIcon;
				CODE_SIGN_STYLE = Automatic;
				DEVELOPMENT_TEAM = 5C23J56UD3;
				INFOPLIST_FILE = layerDemo6/Info.plist;
				LD_RUNPATH_SEARCH_PATHS = "$(inherited) @executable_path/Frameworks";
				PRODUCT_BUNDLE_IDENTIFIER = com.py.layerDemo6;
				PRODUCT_NAME = "$(TARGET_NAME)";
				TARGETED_DEVICE_FAMILY = "1,2";
			};
			name = Release;
		};
/* End XCBuildConfiguration section */

/* Begin XCConfigurationList section */
		CD79DC17205757AB00306288 /* Build configuration list for PBXProject "layerDemo6" */ = {
			isa = XCConfigurationList;
			buildConfigurations = (
				CD79DC30205757AB00306288 /* Debug */,
				CD79DC31205757AB00306288 /* Release */,
			);
			defaultConfigurationIsVisible = 0;
			defaultConfigurationName = Release;
		};
		CD79DC32205757AB00306288 /* Build configuration list for PBXNativeTarget "layerDemo6" */ = {
			isa = XCConfigurationList;
			buildConfigurations = (
				CD79DC33205757AB00306288 /* Debug */,
				CD79DC34205757AB00306288 /* Release */,
			);
			defaultConfigurationIsVisible = 0;
			defaultConfigurationName = Release;
		};
/* End XCConfigurationList section */
	};
	rootObject = CD79DC14205757AB00306288 /* Project object */;
}
